
Microsoft Visual Studio Solution File, Format Version 12.00
# Visual Studio Version 16
VisualStudioVersion = 16.0.29020.237
MinimumVisualStudioVersion = 10.0.40219.1
Project("{8BC9CEB8-8B4A-11D0-8D11-00A0C91BC942}") = "MFCImageExam", "MFCImageExam.vcxproj", "{8EAE24E3-07C6-4076-9B73-0682590FE876}"
EndProject
Global
	GlobalSection(SolutionConfigurationPlatforms) = preSolution
		Debug|x64 = Debug|x64
		Debug|x86 = Debug|x86
		Release|x64 = Release|x64
		Release|x86 = Release|x86
	EndGlobalSection
	GlobalSection(ProjectConfigurationPlatforms) = postSolution
		{8EAE24E3-07C6-4076-9B73-0682590FE876}.Debug|x64.ActiveCfg = Debug|x64
		{8EAE24E3-07C6-4076-9B73-0682590FE876}.Debug|x64.Build.0 = Debug|x64
		{8EAE24E3-07C6-4076-9B73-0682590FE876}.Debug|x86.ActiveCfg = Debug|Win32
		{8EAE24E3-07C6-4076-9B73-0682590FE876}.Debug|x86.Build.0 = Debug|Win32
		{8EAE24E3-07C6-4076-9B73-0682590FE876}.Release|x64.ActiveCfg = Release|x64
		{8EAE24E3-07C6-4076-9B73-0682590FE876}.Release|x64.Build.0 = Release|x64
		{8EAE24E3-07C6-4076-9B73-0682590FE876}.Release|x86.ActiveCfg = Release|Win32
		{8EAE24E3-07C6-4076-9B73-0682590FE876}.Release|x86.Build.0 = Release|Win32
	EndGlobalSection
	GlobalSection(SolutionProperties) = preSolution
		HideSolutionNode = FALSE
	EndGlobalSection
	GlobalSection(ExtensibilityGlobals) = postSolution
		SolutionGuid = {4EF70A05-8EF3-4CDB-BDFB-00E767721998}
	EndGlobalSection
EndGlobal
